{
  "requires": true,
  "lockfileVersion": 1,
  "dependencies": {
    "woaiwojia": {
      "version": "1.0.0",
      "resolved": "https://registry.npmjs.org/woaiwojia/-/woaiwojia-1.0.0.tgz",
      "integrity": "sha512-7XohfVgDn0rLBZ0CmCHDNPDSxPAf8yKqOVW9YHZT4nEc//z2DbENPXBc5cbunxppOufxs4WHPgAMQWl0IioBQw=="
    }
  }
}
